
Microsoft Visual Studio Solution File, Format Version 12.00
# Visual Studio Version 17
VisualStudioVersion = 17.12.35527.113 d17.12
MinimumVisualStudioVersion = 10.0.40219.1
Project("{FAE04EC0-301F-11D3-BF4B-00C04F79EFBC}") = "ConsoleAppC#", "ConsoleAppC#\ConsoleAppC#.csproj", "{462C650E-B50A-4D88-AA2E-9C3831565349}"
EndProject
Project("{F184B08F-C81C-45F6-A57F-5ABD9991F28F}") = "ConsoleAppVb", "ConsoleAppVb\ConsoleAppVb.vbproj", "{B7B5C8B2-83EF-4133-BB95-C240993EB251}"
EndProject
Project("{8BC9CEB8-8B4A-11D0-8D11-00A0C91BC942}") = "ConsoleAppC++", "ConsoleAppC++\ConsoleAppC++.vcxproj", "{DB8F79DA-1F28-42AB-86D5-6863A4695919}"
EndProject
Project("{F2A71F9B-5D33-465A-A702-920D77279786}") = "ConsoleAppF#", "ConsoleAppF#\ConsoleAppF#.fsproj", "{9B3FB292-9500-49A8-8688-263D4E830761}"
EndProject
Project("{888888A0-9F3D-457C-B088-3A5042F75D52}") = "PythonApplication1", "PythonApplication1\PythonApplication1.pyproj", "{AB2D1F49-B071-4CE1-BA09-1A43569A29DE}"
EndProject
Global
	GlobalSection(SolutionConfigurationPlatforms) = preSolution
		Debug|Any CPU = Debug|Any CPU
		Debug|x64 = Debug|x64
		Debug|x86 = Debug|x86
		Release|Any CPU = Release|Any CPU
		Release|x64 = Release|x64
		Release|x86 = Release|x86
	EndGlobalSection
	GlobalSection(ProjectConfigurationPlatforms) = postSolution
		{462C650E-B50A-4D88-AA2E-9C3831565349}.Debug|Any CPU.ActiveCfg = Debug|Any CPU
		{462C650E-B50A-4D88-AA2E-9C3831565349}.Debug|Any CPU.Build.0 = Debug|Any CPU
		{462C650E-B50A-4D88-AA2E-9C3831565349}.Debug|x64.ActiveCfg = Debug|Any CPU
		{462C650E-B50A-4D88-AA2E-9C3831565349}.Debug|x64.Build.0 = Debug|Any CPU
		{462C650E-B50A-4D88-AA2E-9C3831565349}.Debug|x86.ActiveCfg = Debug|Any CPU
		{462C650E-B50A-4D88-AA2E-9C3831565349}.Debug|x86.Build.0 = Debug|Any CPU
		{462C650E-B50A-4D88-AA2E-9C3831565349}.Release|Any CPU.ActiveCfg = Release|Any CPU
		{462C650E-B50A-4D88-AA2E-9C3831565349}.Release|Any CPU.Build.0 = Release|Any CPU
		{462C650E-B50A-4D88-AA2E-9C3831565349}.Release|x64.ActiveCfg = Release|Any CPU
		{462C650E-B50A-4D88-AA2E-9C3831565349}.Release|x64.Build.0 = Release|Any CPU
		{462C650E-B50A-4D88-AA2E-9C3831565349}.Release|x86.ActiveCfg = Release|Any CPU
		{462C650E-B50A-4D88-AA2E-9C3831565349}.Release|x86.Build.0 = Release|Any CPU
		{B7B5C8B2-83EF-4133-BB95-C240993EB251}.Debug|Any CPU.ActiveCfg = Debug|Any CPU
		{B7B5C8B2-83EF-4133-BB95-C240993EB251}.Debug|Any CPU.Build.0 = Debug|Any CPU
		{B7B5C8B2-83EF-4133-BB95-C240993EB251}.Debug|x64.ActiveCfg = Debug|Any CPU
		{B7B5C8B2-83EF-4133-BB95-C240993EB251}.Debug|x64.Build.0 = Debug|Any CPU
		{B7B5C8B2-83EF-4133-BB95-C240993EB251}.Debug|x86.ActiveCfg = Debug|Any CPU
		{B7B5C8B2-83EF-4133-BB95-C240993EB251}.Debug|x86.Build.0 = Debug|Any CPU
		{B7B5C8B2-83EF-4133-BB95-C240993EB251}.Release|Any CPU.ActiveCfg = Release|Any CPU
		{B7B5C8B2-83EF-4133-BB95-C240993EB251}.Release|Any CPU.Build.0 = Release|Any CPU
		{B7B5C8B2-83EF-4133-BB95-C240993EB251}.Release|x64.ActiveCfg = Release|Any CPU
		{B7B5C8B2-83EF-4133-BB95-C240993EB251}.Release|x64.Build.0 = Release|Any CPU
		{B7B5C8B2-83EF-4133-BB95-C240993EB251}.Release|x86.ActiveCfg = Release|Any CPU
		{B7B5C8B2-83EF-4133-BB95-C240993EB251}.Release|x86.Build.0 = Release|Any CPU
		{DB8F79DA-1F28-42AB-86D5-6863A4695919}.Debug|Any CPU.ActiveCfg = Debug|x64
		{DB8F79DA-1F28-42AB-86D5-6863A4695919}.Debug|Any CPU.Build.0 = Debug|x64
		{DB8F79DA-1F28-42AB-86D5-6863A4695919}.Debug|x64.ActiveCfg = Debug|x64
		{DB8F79DA-1F28-42AB-86D5-6863A4695919}.Debug|x64.Build.0 = Debug|x64
		{DB8F79DA-1F28-42AB-86D5-6863A4695919}.Debug|x86.ActiveCfg = Debug|Win32
		{DB8F79DA-1F28-42AB-86D5-6863A4695919}.Debug|x86.Build.0 = Debug|Win32
		{DB8F79DA-1F28-42AB-86D5-6863A4695919}.Release|Any CPU.ActiveCfg = Release|x64
		{DB8F79DA-1F28-42AB-86D5-6863A4695919}.Release|Any CPU.Build.0 = Release|x64
		{DB8F79DA-1F28-42AB-86D5-6863A4695919}.Release|x64.ActiveCfg = Release|x64
		{DB8F79DA-1F28-42AB-86D5-6863A4695919}.Release|x64.Build.0 = Release|x64
		{DB8F79DA-1F28-42AB-86D5-6863A4695919}.Release|x86.ActiveCfg = Release|Win32
		{DB8F79DA-1F28-42AB-86D5-6863A4695919}.Release|x86.Build.0 = Release|Win32
		{9B3FB292-9500-49A8-8688-263D4E830761}.Debug|Any CPU.ActiveCfg = Debug|Any CPU
		{9B3FB292-9500-49A8-8688-263D4E830761}.Debug|Any CPU.Build.0 = Debug|Any CPU
		{9B3FB292-9500-49A8-8688-263D4E830761}.Debug|x64.ActiveCfg = Debug|Any CPU
		{9B3FB292-9500-49A8-8688-263D4E830761}.Debug|x64.Build.0 = Debug|Any CPU
		{9B3FB292-9500-49A8-8688-263D4E830761}.Debug|x86.ActiveCfg = Debug|Any CPU
		{9B3FB292-9500-49A8-8688-263D4E830761}.Debug|x86.Build.0 = Debug|Any CPU
		{9B3FB292-9500-49A8-8688-263D4E830761}.Release|Any CPU.ActiveCfg = Release|Any CPU
		{9B3FB292-9500-49A8-8688-263D4E830761}.Release|Any CPU.Build.0 = Release|Any CPU
		{9B3FB292-9500-49A8-8688-263D4E830761}.Release|x64.ActiveCfg = Release|Any CPU
		{9B3FB292-9500-49A8-8688-263D4E830761}.Release|x64.Build.0 = Release|Any CPU
		{9B3FB292-9500-49A8-8688-263D4E830761}.Release|x86.ActiveCfg = Release|Any CPU
		{9B3FB292-9500-49A8-8688-263D4E830761}.Release|x86.Build.0 = Release|Any CPU
		{AB2D1F49-B071-4CE1-BA09-1A43569A29DE}.Debug|Any CPU.ActiveCfg = Debug|Any CPU
		{AB2D1F49-B071-4CE1-BA09-1A43569A29DE}.Debug|x64.ActiveCfg = Debug|Any CPU
		{AB2D1F49-B071-4CE1-BA09-1A43569A29DE}.Debug|x86.ActiveCfg = Debug|Any CPU
		{AB2D1F49-B071-4CE1-BA09-1A43569A29DE}.Release|Any CPU.ActiveCfg = Release|Any CPU
		{AB2D1F49-B071-4CE1-BA09-1A43569A29DE}.Release|x64.ActiveCfg = Release|Any CPU
		{AB2D1F49-B071-4CE1-BA09-1A43569A29DE}.Release|x86.ActiveCfg = Release|Any CPU
	EndGlobalSection
	GlobalSection(SolutionProperties) = preSolution
		HideSolutionNode = FALSE
	EndGlobalSection
EndGlobal
